# This file is automatically generated.
# It is not intended for manual editing.
version = 1

[[packages]]
name = "componentized:component"
registry = "componentized.dev"

[[packages.versions]]
requirement = "=0.1.0"
version = "0.1.0"
digest = "sha256:b025920ca99a32febc514636a1dd04d1ad65cb8773d10d8e09a62445106ae90b"
